<?xml version="1.0" encoding="utf-8"?>
<Project ToolsVersion="17.0" xmlns="http://schemas.microsoft.com/developer/msbuild/2003">
  <ItemGroup>
    <CustomBuild Include="C:\Users\Lenovo\Desktop\proj\build_vs\CMakeFiles\b980d4684ccdd3c865bf5f5c208ef580\generate.stamp.rule">
      <Filter>CMake Rules</Filter>
    </CustomBuild>
  </ItemGroup>
  <ItemGroup>
    <Filter Include="CMake Rules">
      <UniqueIdentifier>{16359EF4-8D86-3EBA-83CE-443D1867C762}</UniqueIdentifier>
    </Filter>
  </ItemGroup>
</Project>
